<?xml version="1.0" encoding="utf-8"?>
<Project ToolsVersion="4.0" xmlns="http://schemas.microsoft.com/developer/msbuild/2003">
  <ItemGroup>
    <Filter Include="Source Files">
      <UniqueIdentifier>{4FC737F1-C7A5-4376-A066-2A32D752A2FF}</UniqueIdentifier>
      <Extensions>cpp;c;cc;cxx;def;odl;idl;hpj;bat;asm;asmx</Extensions>
    </Filter>
    <Filter Include="Header Files">
      <UniqueIdentifier>{93995380-89BD-4b04-88EB-625FBE52EBFB}</UniqueIdentifier>
      <Extensions>h;hh;hpp;hxx;hm;inl;inc;ipp;xsd</Extensions>
    </Filter>
    <Filter Include="Resource Files">
      <UniqueIdentifier>{67DA6AB6-F800-4c08-8B7A-83BB121AAD01}</UniqueIdentifier>
      <Extensions>rc;ico;cur;bmp;dlg;rc2;rct;bin;rgs;gif;jpg;jpeg;jpe;resx;tiff;tif;png;wav;mfcribbon-ms</Extensions>
    </Filter>
    <Filter Include="kernel">
      <UniqueIdentifier>{f7c66d14-db8e-4545-b857-8d45263d6647}</UniqueIdentifier>
    </Filter>
    <Filter Include="libc">
      <UniqueIdentifier>{6f7f3ddc-571b-4b8b-b997-8019658d6c1c}</UniqueIdentifier>
    </Filter>
    <Filter Include="libc\internal">
      <UniqueIdentifier>{8385f9c3-af96-4323-8151-4b8eaebd9916}</UniqueIdentifier>
    </Filter>
    <Filter Include="libc\extensions">
      <UniqueIdentifier>{3b721336-29ab-49f3-a4df-a6751d1144f6}</UniqueIdentifier>
    </Filter>
    <Filter Include="kernel\programs">
      <UniqueIdentifier>{11e79597-0121-40d4-b073-09285fb8474c}</UniqueIdentifier>
    </Filter>
    <Filter Include="Zydis">
      <UniqueIdentifier>{bf5068da-20ba-4314-915f-3ba3a3af1231}</UniqueIdentifier>
    </Filter>
    <Filter Include="Header Files\libc">
      <UniqueIdentifier>{a843abfd-aff6-400f-9b7e-9a6e492a058b}</UniqueIdentifier>
    </Filter>
    <Filter Include="Header Files\libc\extensions">
      <UniqueIdentifier>{a13f53f1-711e-44e4-bb78-7482a237bd8a}</UniqueIdentifier>
    </Filter>
    <Filter Include="Header Files\libc\internal">
      <UniqueIdentifier>{e266c356-a767-4459-a99c-578cfbe14167}</UniqueIdentifier>
    </Filter>
  </ItemGroup>
  <ItemGroup>
    <ClCompile Include="lab.c">
      <Filter>Source Files</Filter>
    </ClCompile>
    <ClCompile Include="..\libc\internal\_vprint.c">
      <Filter>libc\internal</Filter>
    </ClCompile>
    <ClCompile Include="..\libc\internal\_wchar.c">
      <Filter>libc</Filter>
    </ClCompile>
    <ClCompile Include="..\kernel\hex_dump.c">
      <Filter>kernel</Filter>
    </ClCompile>
    <ClCompile Include="..\kernel\pe.c">
      <Filter>kernel</Filter>
    </ClCompile>
    <ClCompile Include="..\libc\extensions\slices.c">
      <Filter>libc\extensions</Filter>
    </ClCompile>
    <ClCompile Include="..\libc\extensions\pdb_index.c">
      <Filter>libc\extensions</Filter>
    </ClCompile>
    <ClCompile Include="..\kernel\output_console.c">
      <Filter>kernel</Filter>
    </ClCompile>
    <ClCompile Include="..\kernel\video.c">
      <Filter>kernel</Filter>
    </ClCompile>
    <ClCompile Include="test_allocators.c">
      <Filter>Source Files</Filter>
    </ClCompile>
    <ClCompile Include="test_collections.c">
      <Filter>Source Files</Filter>
    </ClCompile>
    <ClCompile Include="..\libc\extensions\base64.c">
      <Filter>Header Files\libc</Filter>
    </ClCompile>
    <ClCompile Include="programs\scroller.c">
      <Filter>Source Files</Filter>
    </ClCompile>
    <ClCompile Include="dev_ui.c">
      <Filter>Source Files</Filter>
    </ClCompile>
  </ItemGroup>
  <ItemGroup>
    <ClInclude Include="..\libc\include\extensions\pdb_index.h">
      <Filter>Header Files</Filter>
    </ClInclude>
    <ClInclude Include="..\kernel\include\output_console.h">
      <Filter>Header Files</Filter>
    </ClInclude>
    <ClInclude Include="..\kernel\include\video.h">
      <Filter>Header Files</Filter>
    </ClInclude>
    <ClInclude Include="..\kernel\programs\scroller.h">
      <Filter>Header Files</Filter>
    </ClInclude>
    <ClInclude Include="..\libc\include\extensions\slices.h">
      <Filter>Header Files\libc\extensions</Filter>
    </ClInclude>
    <ClInclude Include="..\libc\internal\include\_file.h">
      <Filter>Header Files\libc\internal</Filter>
    </ClInclude>
    <ClInclude Include="..\libc\include\extensions\json.h">
      <Filter>Header Files\libc\extensions</Filter>
    </ClInclude>
    <ClInclude Include="..\kernel\include\jos.h">
      <Filter>Header Files</Filter>
    </ClInclude>
    <ClInclude Include="..\kernel\include\collections.h">
      <Filter>Header Files</Filter>
    </ClInclude>
    <ClInclude Include="..\kernel\include\arena_allocator.h">
      <Filter>Header Files</Filter>
    </ClInclude>
    <ClInclude Include="..\kernel\include\fixed_allocator.h">
      <Filter>Header Files</Filter>
    </ClInclude>
    <ClInclude Include="..\kernel\include\linear_allocator.h">
      <Filter>Header Files</Filter>
    </ClInclude>
    <ClInclude Include="..\kernel\include\hive.h">
      <Filter>Header Files</Filter>
    </ClInclude>
    <ClInclude Include="tests.h">
      <Filter>Source Files</Filter>
    </ClInclude>
  </ItemGroup>
  <ItemGroup>
    <None Include="json_data.json">
      <Filter>Source Files</Filter>
    </None>
  </ItemGroup>
</Project>